%{
  "dialyxir": {:hex, :dialyxir, "0.5.1", "b331b091720fd93e878137add264bac4f644e1ddae07a70bf7062c7862c4b952", [:mix], [], "hexpm"},
  "nimble_csv": {:hex, :nimble_csv, "0.4.0", "e2a21d93071cb3b3278411b5b49fe6b55a0e4b3e90485d1187e0c9c75c74f977", [:mix], [], "hexpm"},
  "remix": {:hex, :remix, "0.0.2", "f06115659d8ede8d725fae1708920ef73353a1b39efe6a232d2a38b1f2902109", [:mix], [], "hexpm"},
}
